// !$*UTF8*$!
{
	archiveVersion = 1;
	classes = {
	};
	objectVersion = 51;
	objects = {

/* Begin PBXBuildFile section */
		3B4F45EE25E58EB4005E99DC /* MenuItemsVC.swift in Sources */ = {isa = PBXBuildFile; fileRef = 3B4F45ED25E58EB4005E99DC /* MenuItemsVC.swift */; };
		3B4F45F325E58F1F005E99DC /* CustomTableViewCell.swift in Sources */ = {isa = PBXBuildFile; fileRef = 3B4F45F225E58F1F005E99DC /* CustomTableViewCell.swift */; };
		43291D3525DE358000BD2764 /* AppDelegate.swift in Sources */ = {isa = PBXBuildFile; fileRef = 43291D3425DE358000BD2764 /* AppDelegate.swift */; };
		43291D3725DE358000BD2764 /* SceneDelegate.swift in Sources */ = {isa = PBXBuildFile; fileRef = 43291D3625DE358000BD2764 /* SceneDelegate.swift */; };
		43291D3F25DE358000BD2764 /* BadgerBytes.xcdatamodeld in Sources */ = {isa = PBXBuildFile; fileRef = 43291D3D25DE358000BD2764 /* BadgerBytes.xcdatamodeld */; };
		43291D4125DE358200BD2764 /* Assets.xcassets in Resources */ = {isa = PBXBuildFile; fileRef = 43291D4025DE358200BD2764 /* Assets.xcassets */; };
		43291D4425DE358200BD2764 /* LaunchScreen.storyboard in Resources */ = {isa = PBXBuildFile; fileRef = 43291D4225DE358200BD2764 /* LaunchScreen.storyboard */; };
		43291D4F25DE358200BD2764 /* BadgerBytesTests.swift in Sources */ = {isa = PBXBuildFile; fileRef = 43291D4E25DE358200BD2764 /* BadgerBytesTests.swift */; };
		43291D5A25DE358200BD2764 /* BadgerBytesUITests.swift in Sources */ = {isa = PBXBuildFile; fileRef = 43291D5925DE358200BD2764 /* BadgerBytesUITests.swift */; };
		43291DC425DE472A00BD2764 /* Extensions.swift in Sources */ = {isa = PBXBuildFile; fileRef = 43291DC325DE472A00BD2764 /* Extensions.swift */; };
		43291DC925DE472F00BD2764 /* Colors.swift in Sources */ = {isa = PBXBuildFile; fileRef = 43291DC825DE472F00BD2764 /* Colors.swift */; };
		43291DCE25DE473800BD2764 /* ParentClasses.swift in Sources */ = {isa = PBXBuildFile; fileRef = 43291DCD25DE473800BD2764 /* ParentClasses.swift */; };
		43291DD325DE474000BD2764 /* MenuVC.swift in Sources */ = {isa = PBXBuildFile; fileRef = 43291DD225DE474000BD2764 /* MenuVC.swift */; };
		43291DD825DE474900BD2764 /* OrdersVC.swift in Sources */ = {isa = PBXBuildFile; fileRef = 43291DD725DE474900BD2764 /* OrdersVC.swift */; };
		43291DDD25DE475200BD2764 /* ManageVC.swift in Sources */ = {isa = PBXBuildFile; fileRef = 43291DDC25DE475200BD2764 /* ManageVC.swift */; };
		43291DE225DE475900BD2764 /* AccountVC.swift in Sources */ = {isa = PBXBuildFile; fileRef = 43291DE125DE475900BD2764 /* AccountVC.swift */; };
		43291DE725DE476100BD2764 /* LoginVC.swift in Sources */ = {isa = PBXBuildFile; fileRef = 43291DE625DE476100BD2764 /* LoginVC.swift */; };
		43291DEC25DE476800BD2764 /* SignUpVC.swift in Sources */ = {isa = PBXBuildFile; fileRef = 43291DEB25DE476800BD2764 /* SignUpVC.swift */; };
		43291DF125DE477400BD2764 /* TabBarVC.swift in Sources */ = {isa = PBXBuildFile; fileRef = 43291DF025DE477400BD2764 /* TabBarVC.swift */; };
		43291DF625DE489800BD2764 /* AuthInputView.swift in Sources */ = {isa = PBXBuildFile; fileRef = 43291DF525DE489800BD2764 /* AuthInputView.swift */; };
		43291E3725DE4FAE00BD2764 /* GoogleService-Info.plist in Resources */ = {isa = PBXBuildFile; fileRef = 43291E3625DE4FAE00BD2764 /* GoogleService-Info.plist */; };
		4342AF1925E3B13200E8A5BB /* OrdersCells.swift in Sources */ = {isa = PBXBuildFile; fileRef = 4342AF1825E3B13200E8A5BB /* OrdersCells.swift */; };
		4342AF2525E3B66400E8A5BB /* Order.swift in Sources */ = {isa = PBXBuildFile; fileRef = 4342AF2425E3B66400E8A5BB /* Order.swift */; };
		4342AF2A25E3B67300E8A5BB /* User.swift in Sources */ = {isa = PBXBuildFile; fileRef = 4342AF2925E3B67300E8A5BB /* User.swift */; };
		43E959AB25E5B24100A89563 /* MenuWelcomeView.swift in Sources */ = {isa = PBXBuildFile; fileRef = 43E959AA25E5B24100A89563 /* MenuWelcomeView.swift */; };
		43E959B025E5B59E00A89563 /* MenuCategoryView.swift in Sources */ = {isa = PBXBuildFile; fileRef = 43E959AF25E5B59E00A89563 /* MenuCategoryView.swift */; };
		8AFB6E413F78415EFCBD5434 /* Pods_BadgerBytesTests.framework in Frameworks */ = {isa = PBXBuildFile; fileRef = D359A898EEBE6998BBE6C554 /* Pods_BadgerBytesTests.framework */; };
		9B6DFD1B0714BB216934F9A0 /* Pods_BadgerBytes.framework in Frameworks */ = {isa = PBXBuildFile; fileRef = C76F9D56DE9A008C662162C3 /* Pods_BadgerBytes.framework */; };
		AD30CA3525E3054500E2BAE9 /* AccountTypeVC.swift in Sources */ = {isa = PBXBuildFile; fileRef = AD30CA3425E3054500E2BAE9 /* AccountTypeVC.swift */; };
		E098C9B9768A4317C95E1BC4 /* Pods_BadgerBytes_BadgerBytesUITests.framework in Frameworks */ = {isa = PBXBuildFile; fileRef = E2509617C8092165248AB820 /* Pods_BadgerBytes_BadgerBytesUITests.framework */; };
		FAF5916C25E58E1000A260D1 /* ModifyAccount.swift in Sources */ = {isa = PBXBuildFile; fileRef = FAF5916B25E58E1000A260D1 /* ModifyAccount.swift */; };
/* End PBXBuildFile section */

/* Begin PBXContainerItemProxy section */
		43291D4B25DE358200BD2764 /* PBXContainerItemProxy */ = {
			isa = PBXContainerItemProxy;
			containerPortal = 43291D2925DE358000BD2764 /* Project object */;
			proxyType = 1;
			remoteGlobalIDString = 43291D3025DE358000BD2764;
			remoteInfo = BadgerBytes;
		};
		43291D5625DE358200BD2764 /* PBXContainerItemProxy */ = {
			isa = PBXContainerItemProxy;
			containerPortal = 43291D2925DE358000BD2764 /* Project object */;
			proxyType = 1;
			remoteGlobalIDString = 43291D3025DE358000BD2764;
			remoteInfo = BadgerBytes;
		};
/* End PBXContainerItemProxy section */

/* Begin PBXFileReference section */
		348D06A2F0B3F23DFCF350E2 /* Pods-BadgerBytesTests.debug.xcconfig */ = {isa = PBXFileReference; includeInIndex = 1; lastKnownFileType = text.xcconfig; name = "Pods-BadgerBytesTests.debug.xcconfig"; path = "Target Support Files/Pods-BadgerBytesTests/Pods-BadgerBytesTests.debug.xcconfig"; sourceTree = "<group>"; };
		3B4F45ED25E58EB4005E99DC /* MenuItemsVC.swift */ = {isa = PBXFileReference; lastKnownFileType = sourcecode.swift; path = MenuItemsVC.swift; sourceTree = "<group>"; };
		3B4F45F225E58F1F005E99DC /* CustomTableViewCell.swift */ = {isa = PBXFileReference; lastKnownFileType = sourcecode.swift; path = CustomTableViewCell.swift; sourceTree = "<group>"; };
		43291D3125DE358000BD2764 /* BadgerBytes.app */ = {isa = PBXFileReference; explicitFileType = wrapper.application; includeInIndex = 0; path = BadgerBytes.app; sourceTree = BUILT_PRODUCTS_DIR; };
		43291D3425DE358000BD2764 /* AppDelegate.swift */ = {isa = PBXFileReference; lastKnownFileType = sourcecode.swift; path = AppDelegate.swift; sourceTree = "<group>"; };
		43291D3625DE358000BD2764 /* SceneDelegate.swift */ = {isa = PBXFileReference; lastKnownFileType = sourcecode.swift; path = SceneDelegate.swift; sourceTree = "<group>"; };
		43291D3E25DE358000BD2764 /* BadgerBytes.xcdatamodel */ = {isa = PBXFileReference; lastKnownFileType = wrapper.xcdatamodel; path = BadgerBytes.xcdatamodel; sourceTree = "<group>"; };
		43291D4025DE358200BD2764 /* Assets.xcassets */ = {isa = PBXFileReference; lastKnownFileType = folder.assetcatalog; path = Assets.xcassets; sourceTree = "<group>"; };
		43291D4325DE358200BD2764 /* Base */ = {isa = PBXFileReference; lastKnownFileType = file.storyboard; name = Base; path = Base.lproj/LaunchScreen.storyboard; sourceTree = "<group>"; };
		43291D4525DE358200BD2764 /* Info.plist */ = {isa = PBXFileReference; lastKnownFileType = text.plist.xml; path = Info.plist; sourceTree = "<group>"; };
		43291D4A25DE358200BD2764 /* BadgerBytesTests.xctest */ = {isa = PBXFileReference; explicitFileType = wrapper.cfbundle; includeInIndex = 0; path = BadgerBytesTests.xctest; sourceTree = BUILT_PRODUCTS_DIR; };
		43291D4E25DE358200BD2764 /* BadgerBytesTests.swift */ = {isa = PBXFileReference; lastKnownFileType = sourcecode.swift; path = BadgerBytesTests.swift; sourceTree = "<group>"; };
		43291D5025DE358200BD2764 /* Info.plist */ = {isa = PBXFileReference; lastKnownFileType = text.plist.xml; path = Info.plist; sourceTree = "<group>"; };
		43291D5525DE358200BD2764 /* BadgerBytesUITests.xctest */ = {isa = PBXFileReference; explicitFileType = wrapper.cfbundle; includeInIndex = 0; path = BadgerBytesUITests.xctest; sourceTree = BUILT_PRODUCTS_DIR; };
		43291D5925DE358200BD2764 /* BadgerBytesUITests.swift */ = {isa = PBXFileReference; lastKnownFileType = sourcecode.swift; path = BadgerBytesUITests.swift; sourceTree = "<group>"; };
		43291D5B25DE358200BD2764 /* Info.plist */ = {isa = PBXFileReference; lastKnownFileType = text.plist.xml; path = Info.plist; sourceTree = "<group>"; };
		43291DC325DE472A00BD2764 /* Extensions.swift */ = {isa = PBXFileReference; lastKnownFileType = sourcecode.swift; path = Extensions.swift; sourceTree = "<group>"; };
		43291DC825DE472F00BD2764 /* Colors.swift */ = {isa = PBXFileReference; lastKnownFileType = sourcecode.swift; path = Colors.swift; sourceTree = "<group>"; };
		43291DCD25DE473800BD2764 /* ParentClasses.swift */ = {isa = PBXFileReference; lastKnownFileType = sourcecode.swift; path = ParentClasses.swift; sourceTree = "<group>"; };
		43291DD225DE474000BD2764 /* MenuVC.swift */ = {isa = PBXFileReference; lastKnownFileType = sourcecode.swift; path = MenuVC.swift; sourceTree = "<group>"; };
		43291DD725DE474900BD2764 /* OrdersVC.swift */ = {isa = PBXFileReference; lastKnownFileType = sourcecode.swift; path = OrdersVC.swift; sourceTree = "<group>"; };
		43291DDC25DE475200BD2764 /* ManageVC.swift */ = {isa = PBXFileReference; lastKnownFileType = sourcecode.swift; path = ManageVC.swift; sourceTree = "<group>"; };
		43291DE125DE475900BD2764 /* AccountVC.swift */ = {isa = PBXFileReference; lastKnownFileType = sourcecode.swift; path = AccountVC.swift; sourceTree = "<group>"; };
		43291DE625DE476100BD2764 /* LoginVC.swift */ = {isa = PBXFileReference; lastKnownFileType = sourcecode.swift; path = LoginVC.swift; sourceTree = "<group>"; };
		43291DEB25DE476800BD2764 /* SignUpVC.swift */ = {isa = PBXFileReference; lastKnownFileType = sourcecode.swift; path = SignUpVC.swift; sourceTree = "<group>"; };
		43291DF025DE477400BD2764 /* TabBarVC.swift */ = {isa = PBXFileReference; lastKnownFileType = sourcecode.swift; path = TabBarVC.swift; sourceTree = "<group>"; };
		43291DF525DE489800BD2764 /* AuthInputView.swift */ = {isa = PBXFileReference; lastKnownFileType = sourcecode.swift; path = AuthInputView.swift; sourceTree = "<group>"; };
		43291E3625DE4FAE00BD2764 /* GoogleService-Info.plist */ = {isa = PBXFileReference; fileEncoding = 4; lastKnownFileType = text.plist.xml; path = "GoogleService-Info.plist"; sourceTree = "<group>"; };
		4342AF1825E3B13200E8A5BB /* OrdersCells.swift */ = {isa = PBXFileReference; lastKnownFileType = sourcecode.swift; path = OrdersCells.swift; sourceTree = "<group>"; };
		4342AF2425E3B66400E8A5BB /* Order.swift */ = {isa = PBXFileReference; lastKnownFileType = sourcecode.swift; path = Order.swift; sourceTree = "<group>"; };
		4342AF2925E3B67300E8A5BB /* User.swift */ = {isa = PBXFileReference; lastKnownFileType = sourcecode.swift; path = User.swift; sourceTree = "<group>"; };
		43E959AA25E5B24100A89563 /* MenuWelcomeView.swift */ = {isa = PBXFileReference; lastKnownFileType = sourcecode.swift; path = MenuWelcomeView.swift; sourceTree = "<group>"; };
		43E959AF25E5B59E00A89563 /* MenuCategoryView.swift */ = {isa = PBXFileReference; lastKnownFileType = sourcecode.swift; path = MenuCategoryView.swift; sourceTree = "<group>"; };
		44696487485174DC42046148 /* Pods-BadgerBytes-BadgerBytesUITests.release.xcconfig */ = {isa = PBXFileReference; includeInIndex = 1; lastKnownFileType = text.xcconfig; name = "Pods-BadgerBytes-BadgerBytesUITests.release.xcconfig"; path = "Target Support Files/Pods-BadgerBytes-BadgerBytesUITests/Pods-BadgerBytes-BadgerBytesUITests.release.xcconfig"; sourceTree = "<group>"; };
		5DE8F70C3D6EF67F01DC6C2E /* Pods-BadgerBytes.release.xcconfig */ = {isa = PBXFileReference; includeInIndex = 1; lastKnownFileType = text.xcconfig; name = "Pods-BadgerBytes.release.xcconfig"; path = "Target Support Files/Pods-BadgerBytes/Pods-BadgerBytes.release.xcconfig"; sourceTree = "<group>"; };
		AAD36B7A5E5D4245A8A3214F /* Pods-BadgerBytes.debug.xcconfig */ = {isa = PBXFileReference; includeInIndex = 1; lastKnownFileType = text.xcconfig; name = "Pods-BadgerBytes.debug.xcconfig"; path = "Target Support Files/Pods-BadgerBytes/Pods-BadgerBytes.debug.xcconfig"; sourceTree = "<group>"; };
		AD30CA3425E3054500E2BAE9 /* AccountTypeVC.swift */ = {isa = PBXFileReference; lastKnownFileType = sourcecode.swift; path = AccountTypeVC.swift; sourceTree = "<group>"; };
		C76F9D56DE9A008C662162C3 /* Pods_BadgerBytes.framework */ = {isa = PBXFileReference; explicitFileType = wrapper.framework; includeInIndex = 0; path = Pods_BadgerBytes.framework; sourceTree = BUILT_PRODUCTS_DIR; };
		CC14D05326627A7649767C68 /* Pods-BadgerBytes-BadgerBytesUITests.debug.xcconfig */ = {isa = PBXFileReference; includeInIndex = 1; lastKnownFileType = text.xcconfig; name = "Pods-BadgerBytes-BadgerBytesUITests.debug.xcconfig"; path = "Target Support Files/Pods-BadgerBytes-BadgerBytesUITests/Pods-BadgerBytes-BadgerBytesUITests.debug.xcconfig"; sourceTree = "<group>"; };
		D359A898EEBE6998BBE6C554 /* Pods_BadgerBytesTests.framework */ = {isa = PBXFileReference; explicitFileType = wrapper.framework; includeInIndex = 0; path = Pods_BadgerBytesTests.framework; sourceTree = BUILT_PRODUCTS_DIR; };
		E2509617C8092165248AB820 /* Pods_BadgerBytes_BadgerBytesUITests.framework */ = {isa = PBXFileReference; explicitFileType = wrapper.framework; includeInIndex = 0; path = Pods_BadgerBytes_BadgerBytesUITests.framework; sourceTree = BUILT_PRODUCTS_DIR; };
		FAF5916B25E58E1000A260D1 /* ModifyAccount.swift */ = {isa = PBXFileReference; fileEncoding = 4; lastKnownFileType = sourcecode.swift; path = ModifyAccount.swift; sourceTree = "<group>"; };
		FBCAEEAB9754C3CBCE4347D4 /* Pods-BadgerBytesTests.release.xcconfig */ = {isa = PBXFileReference; includeInIndex = 1; lastKnownFileType = text.xcconfig; name = "Pods-BadgerBytesTests.release.xcconfig"; path = "Target Support Files/Pods-BadgerBytesTests/Pods-BadgerBytesTests.release.xcconfig"; sourceTree = "<group>"; };
/* End PBXFileReference section */

/* Begin PBXFrameworksBuildPhase section */
		43291D2E25DE358000BD2764 /* Frameworks */ = {
			isa = PBXFrameworksBuildPhase;
			buildActionMask = 2147483647;
			files = (
				9B6DFD1B0714BB216934F9A0 /* Pods_BadgerBytes.framework in Frameworks */,
			);
			runOnlyForDeploymentPostprocessing = 0;
		};
		43291D4725DE358200BD2764 /* Frameworks */ = {
			isa = PBXFrameworksBuildPhase;
			buildActionMask = 2147483647;
			files = (
				8AFB6E413F78415EFCBD5434 /* Pods_BadgerBytesTests.framework in Frameworks */,
			);
			runOnlyForDeploymentPostprocessing = 0;
		};
		43291D5225DE358200BD2764 /* Frameworks */ = {
			isa = PBXFrameworksBuildPhase;
			buildActionMask = 2147483647;
			files = (
				E098C9B9768A4317C95E1BC4 /* Pods_BadgerBytes_BadgerBytesUITests.framework in Frameworks */,
			);
			runOnlyForDeploymentPostprocessing = 0;
		};
/* End PBXFrameworksBuildPhase section */

/* Begin PBXGroup section */
		43291D2825DE358000BD2764 = {
			isa = PBXGroup;
			children = (
				43291D3325DE358000BD2764 /* BadgerBytes */,
				43291D4D25DE358200BD2764 /* BadgerBytesTests */,
				43291D5825DE358200BD2764 /* BadgerBytesUITests */,
				43291D3225DE358000BD2764 /* Products */,
				7F44C0279DB0AFDF096378DD /* Pods */,
				D0050420B0B4E0DFB1A23929 /* Frameworks */,
			);
			sourceTree = "<group>";
		};
		43291D3225DE358000BD2764 /* Products */ = {
			isa = PBXGroup;
			children = (
				43291D3125DE358000BD2764 /* BadgerBytes.app */,
				43291D4A25DE358200BD2764 /* BadgerBytesTests.xctest */,
				43291D5525DE358200BD2764 /* BadgerBytesUITests.xctest */,
			);
			name = Products;
			sourceTree = "<group>";
		};
		43291D3325DE358000BD2764 /* BadgerBytes */ = {
			isa = PBXGroup;
			children = (
				43291D3425DE358000BD2764 /* AppDelegate.swift */,
				43291D3625DE358000BD2764 /* SceneDelegate.swift */,
				43291DF025DE477400BD2764 /* TabBarVC.swift */,
				43291DC025DE46F800BD2764 /* Auth */,
				43291DC125DE470000BD2764 /* Main */,
				43291DC225DE471400BD2764 /* Supporting Files */,
				43291D4025DE358200BD2764 /* Assets.xcassets */,
				43291D4225DE358200BD2764 /* LaunchScreen.storyboard */,
				43291D4525DE358200BD2764 /* Info.plist */,
				43291E3625DE4FAE00BD2764 /* GoogleService-Info.plist */,
				43291D3D25DE358000BD2764 /* BadgerBytes.xcdatamodeld */,
			);
			path = BadgerBytes;
			sourceTree = "<group>";
		};
		43291D4D25DE358200BD2764 /* BadgerBytesTests */ = {
			isa = PBXGroup;
			children = (
				43291D4E25DE358200BD2764 /* BadgerBytesTests.swift */,
				43291D5025DE358200BD2764 /* Info.plist */,
			);
			path = BadgerBytesTests;
			sourceTree = "<group>";
		};
		43291D5825DE358200BD2764 /* BadgerBytesUITests */ = {
			isa = PBXGroup;
			children = (
				43291D5925DE358200BD2764 /* BadgerBytesUITests.swift */,
				43291D5B25DE358200BD2764 /* Info.plist */,
			);
			path = BadgerBytesUITests;
			sourceTree = "<group>";
		};
		43291DC025DE46F800BD2764 /* Auth */ = {
			isa = PBXGroup;
			children = (
				43291DE625DE476100BD2764 /* LoginVC.swift */,
				AD30CA3425E3054500E2BAE9 /* AccountTypeVC.swift */,
				43291DEB25DE476800BD2764 /* SignUpVC.swift */,
				43291DF525DE489800BD2764 /* AuthInputView.swift */,
			);
			path = Auth;
			sourceTree = "<group>";
		};
		43291DC125DE470000BD2764 /* Main */ = {
			isa = PBXGroup;
			children = (
				4342AF1425E3B0E900E8A5BB /* Menu */,
				4342AF1525E3B0F600E8A5BB /* Orders */,
				4342AF1625E3B10D00E8A5BB /* Manage */,
				4342AF1725E3B11800E8A5BB /* Account */,
				4342AF2325E3B64800E8A5BB /* Models */,
			);
			path = Main;
			sourceTree = "<group>";
		};
		43291DC225DE471400BD2764 /* Supporting Files */ = {
			isa = PBXGroup;
			children = (
				43291DC325DE472A00BD2764 /* Extensions.swift */,
				43291DC825DE472F00BD2764 /* Colors.swift */,
				43291DCD25DE473800BD2764 /* ParentClasses.swift */,
			);
			path = "Supporting Files";
			sourceTree = "<group>";
		};
		4342AF1425E3B0E900E8A5BB /* Menu */ = {
			isa = PBXGroup;
			children = (
				43291DD225DE474000BD2764 /* MenuVC.swift */,
				43E959AA25E5B24100A89563 /* MenuWelcomeView.swift */,
				43E959AF25E5B59E00A89563 /* MenuCategoryView.swift */,
				3B4F45F225E58F1F005E99DC /* CustomTableViewCell.swift */,
				3B4F45ED25E58EB4005E99DC /* MenuItemsVC.swift */,
			);
			path = Menu;
			sourceTree = "<group>";
		};
		4342AF1525E3B0F600E8A5BB /* Orders */ = {
			isa = PBXGroup;
			children = (
				43291DD725DE474900BD2764 /* OrdersVC.swift */,
				4342AF1825E3B13200E8A5BB /* OrdersCells.swift */,
			);
			path = Orders;
			sourceTree = "<group>";
		};
		4342AF1625E3B10D00E8A5BB /* Manage */ = {
			isa = PBXGroup;
			children = (
				43291DDC25DE475200BD2764 /* ManageVC.swift */,
			);
			path = Manage;
			sourceTree = "<group>";
		};
		4342AF1725E3B11800E8A5BB /* Account */ = {
			isa = PBXGroup;
			children = (
				FAF5916B25E58E1000A260D1 /* ModifyAccount.swift */,
				43291DE125DE475900BD2764 /* AccountVC.swift */,
			);
			path = Account;
			sourceTree = "<group>";
		};
		4342AF2325E3B64800E8A5BB /* Models */ = {
			isa = PBXGroup;
			children = (
				4342AF2925E3B67300E8A5BB /* User.swift */,
				4342AF2425E3B66400E8A5BB /* Order.swift */,
			);
			path = Models;
			sourceTree = "<group>";
		};
		7F44C0279DB0AFDF096378DD /* Pods */ = {
			isa = PBXGroup;
			children = (
				AAD36B7A5E5D4245A8A3214F /* Pods-BadgerBytes.debug.xcconfig */,
				5DE8F70C3D6EF67F01DC6C2E /* Pods-BadgerBytes.release.xcconfig */,
				CC14D05326627A7649767C68 /* Pods-BadgerBytes-BadgerBytesUITests.debug.xcconfig */,
				44696487485174DC42046148 /* Pods-BadgerBytes-BadgerBytesUITests.release.xcconfig */,
				348D06A2F0B3F23DFCF350E2 /* Pods-BadgerBytesTests.debug.xcconfig */,
				FBCAEEAB9754C3CBCE4347D4 /* Pods-BadgerBytesTests.release.xcconfig */,
			);
			path = Pods;
			sourceTree = "<group>";
		};
		D0050420B0B4E0DFB1A23929 /* Frameworks */ = {
			isa = PBXGroup;
			children = (
				C76F9D56DE9A008C662162C3 /* Pods_BadgerBytes.framework */,
				E2509617C8092165248AB820 /* Pods_BadgerBytes_BadgerBytesUITests.framework */,
				D359A898EEBE6998BBE6C554 /* Pods_BadgerBytesTests.framework */,
			);
			name = Frameworks;
			sourceTree = "<group>";
		};
/* End PBXGroup section */

/* Begin PBXNativeTarget section */
		43291D3025DE358000BD2764 /* BadgerBytes */ = {
			isa = PBXNativeTarget;
			buildConfigurationList = 43291D5E25DE358200BD2764 /* Build configuration list for PBXNativeTarget "BadgerBytes" */;
			buildPhases = (
				A987E25011C26357F6D95CF2 /* [CP] Check Pods Manifest.lock */,
				43291D2D25DE358000BD2764 /* Sources */,
				43291D2E25DE358000BD2764 /* Frameworks */,
				43291D2F25DE358000BD2764 /* Resources */,
				5D708B6A475F5C1AAE458BF8 /* [CP] Embed Pods Frameworks */,
			);
			buildRules = (
			);
			dependencies = (
			);
			name = BadgerBytes;
			productName = BadgerBytes;
			productReference = 43291D3125DE358000BD2764 /* BadgerBytes.app */;
			productType = "com.apple.product-type.application";
		};
		43291D4925DE358200BD2764 /* BadgerBytesTests */ = {
			isa = PBXNativeTarget;
			buildConfigurationList = 43291D6125DE358200BD2764 /* Build configuration list for PBXNativeTarget "BadgerBytesTests" */;
			buildPhases = (
				F9F68DB4DB8BC33A7886AAFF /* [CP] Check Pods Manifest.lock */,
				43291D4625DE358200BD2764 /* Sources */,
				43291D4725DE358200BD2764 /* Frameworks */,
				43291D4825DE358200BD2764 /* Resources */,
			);
			buildRules = (
			);
			dependencies = (
				43291D4C25DE358200BD2764 /* PBXTargetDependency */,
			);
			name = BadgerBytesTests;
			productName = BadgerBytesTests;
			productReference = 43291D4A25DE358200BD2764 /* BadgerBytesTests.xctest */;
			productType = "com.apple.product-type.bundle.unit-test";
		};
		43291D5425DE358200BD2764 /* BadgerBytesUITests */ = {
			isa = PBXNativeTarget;
			buildConfigurationList = 43291D6425DE358200BD2764 /* Build configuration list for PBXNativeTarget "BadgerBytesUITests" */;
			buildPhases = (
				CC6A8233122B72F931C2520E /* [CP] Check Pods Manifest.lock */,
				43291D5125DE358200BD2764 /* Sources */,
				43291D5225DE358200BD2764 /* Frameworks */,
				43291D5325DE358200BD2764 /* Resources */,
				2CDDB4F9ECE47108DD007BA7 /* [CP] Embed Pods Frameworks */,
			);
			buildRules = (
			);
			dependencies = (
				43291D5725DE358200BD2764 /* PBXTargetDependency */,
			);
			name = BadgerBytesUITests;
			productName = BadgerBytesUITests;
			productReference = 43291D5525DE358200BD2764 /* BadgerBytesUITests.xctest */;
			productType = "com.apple.product-type.bundle.ui-testing";
		};
/* End PBXNativeTarget section */

/* Begin PBXProject section */
		43291D2925DE358000BD2764 /* Project object */ = {
			isa = PBXProject;
			attributes = {
				LastSwiftUpdateCheck = 1240;
				LastUpgradeCheck = 1240;
				TargetAttributes = {
					43291D3025DE358000BD2764 = {
						CreatedOnToolsVersion = 12.4;
					};
					43291D4925DE358200BD2764 = {
						CreatedOnToolsVersion = 12.4;
						TestTargetID = 43291D3025DE358000BD2764;
					};
					43291D5425DE358200BD2764 = {
						CreatedOnToolsVersion = 12.4;
						TestTargetID = 43291D3025DE358000BD2764;
					};
				};
			};
			buildConfigurationList = 43291D2C25DE358000BD2764 /* Build configuration list for PBXProject "BadgerBytes" */;
			compatibilityVersion = "Xcode 9.3";
			developmentRegion = en;
			hasScannedForEncodings = 0;
			knownRegions = (
				en,
				Base,
			);
			mainGroup = 43291D2825DE358000BD2764;
			productRefGroup = 43291D3225DE358000BD2764 /* Products */;
			projectDirPath = "";
			projectRoot = "";
			targets = (
				43291D3025DE358000BD2764 /* BadgerBytes */,
				43291D4925DE358200BD2764 /* BadgerBytesTests */,
				43291D5425DE358200BD2764 /* BadgerBytesUITests */,
			);
		};
/* End PBXProject section */

/* Begin PBXResourcesBuildPhase section */
		43291D2F25DE358000BD2764 /* Resources */ = {
			isa = PBXResourcesBuildPhase;
			buildActionMask = 2147483647;
			files = (
				43291D4425DE358200BD2764 /* LaunchScreen.storyboard in Resources */,
				43291D4125DE358200BD2764 /* Assets.xcassets in Resources */,
				43291E3725DE4FAE00BD2764 /* GoogleService-Info.plist in Resources */,
			);
			runOnlyForDeploymentPostprocessing = 0;
		};
		43291D4825DE358200BD2764 /* Resources */ = {
			isa = PBXResourcesBuildPhase;
			buildActionMask = 2147483647;
			files = (
			);
			runOnlyForDeploymentPostprocessing = 0;
		};
		43291D5325DE358200BD2764 /* Resources */ = {
			isa = PBXResourcesBuildPhase;
			buildActionMask = 2147483647;
			files = (
			);
			runOnlyForDeploymentPostprocessing = 0;
		};
/* End PBXResourcesBuildPhase section */

/* Begin PBXShellScriptBuildPhase section */
		2CDDB4F9ECE47108DD007BA7 /* [CP] Embed Pods Frameworks */ = {
			isa = PBXShellScriptBuildPhase;
			buildActionMask = 2147483647;
			files = (
			);
			inputFileListPaths = (
				"${PODS_ROOT}/Target Support Files/Pods-BadgerBytes-BadgerBytesUITests/Pods-BadgerBytes-BadgerBytesUITests-frameworks-${CONFIGURATION}-input-files.xcfilelist",
			);
			name = "[CP] Embed Pods Frameworks";
			outputFileListPaths = (
				"${PODS_ROOT}/Target Support Files/Pods-BadgerBytes-BadgerBytesUITests/Pods-BadgerBytes-BadgerBytesUITests-frameworks-${CONFIGURATION}-output-files.xcfilelist",
			);
			runOnlyForDeploymentPostprocessing = 0;
			shellPath = /bin/sh;
			shellScript = "\"${PODS_ROOT}/Target Support Files/Pods-BadgerBytes-BadgerBytesUITests/Pods-BadgerBytes-BadgerBytesUITests-frameworks.sh\"\n";
			showEnvVarsInLog = 0;
		};
		5D708B6A475F5C1AAE458BF8 /* [CP] Embed Pods Frameworks */ = {
			isa = PBXShellScriptBuildPhase;
			buildActionMask = 2147483647;
			files = (
			);
			inputFileListPaths = (
				"${PODS_ROOT}/Target Support Files/Pods-BadgerBytes/Pods-BadgerBytes-frameworks-${CONFIGURATION}-input-files.xcfilelist",
			);
			name = "[CP] Embed Pods Frameworks";
			outputFileListPaths = (
				"${PODS_ROOT}/Target Support Files/Pods-BadgerBytes/Pods-BadgerBytes-frameworks-${CONFIGURATION}-output-files.xcfilelist",
			);
			runOnlyForDeploymentPostprocessing = 0;
			shellPath = /bin/sh;
			shellScript = "\"${PODS_ROOT}/Target Support Files/Pods-BadgerBytes/Pods-BadgerBytes-frameworks.sh\"\n";
			showEnvVarsInLog = 0;
		};
		A987E25011C26357F6D95CF2 /* [CP] Check Pods Manifest.lock */ = {
			isa = PBXShellScriptBuildPhase;
			buildActionMask = 2147483647;
			files = (
			);
			inputFileListPaths = (
			);
			inputPaths = (
				"${PODS_PODFILE_DIR_PATH}/Podfile.lock",
				"${PODS_ROOT}/Manifest.lock",
			);
			name = "[CP] Check Pods Manifest.lock";
			outputFileListPaths = (
			);
			outputPaths = (
				"$(DERIVED_FILE_DIR)/Pods-BadgerBytes-checkManifestLockResult.txt",
			);
			runOnlyForDeploymentPostprocessing = 0;
			shellPath = /bin/sh;
			shellScript = "diff \"${PODS_PODFILE_DIR_PATH}/Podfile.lock\" \"${PODS_ROOT}/Manifest.lock\" > /dev/null\nif [ $? != 0 ] ; then\n    # print error to STDERR\n    echo \"error: The sandbox is not in sync with the Podfile.lock. Run 'pod install' or update your CocoaPods installation.\" >&2\n    exit 1\nfi\n# This output is used by Xcode 'outputs' to avoid re-running this script phase.\necho \"SUCCESS\" > \"${SCRIPT_OUTPUT_FILE_0}\"\n";
			showEnvVarsInLog = 0;
		};
		CC6A8233122B72F931C2520E /* [CP] Check Pods Manifest.lock */ = {
			isa = PBXShellScriptBuildPhase;
			buildActionMask = 2147483647;
			files = (
			);
			inputFileListPaths = (
			);
			inputPaths = (
				"${PODS_PODFILE_DIR_PATH}/Podfile.lock",
				"${PODS_ROOT}/Manifest.lock",
			);
			name = "[CP] Check Pods Manifest.lock";
			outputFileListPaths = (
			);
			outputPaths = (
				"$(DERIVED_FILE_DIR)/Pods-BadgerBytes-BadgerBytesUITests-checkManifestLockResult.txt",
			);
			runOnlyForDeploymentPostprocessing = 0;
			shellPath = /bin/sh;
			shellScript = "diff \"${PODS_PODFILE_DIR_PATH}/Podfile.lock\" \"${PODS_ROOT}/Manifest.lock\" > /dev/null\nif [ $? != 0 ] ; then\n    # print error to STDERR\n    echo \"error: The sandbox is not in sync with the Podfile.lock. Run 'pod install' or update your CocoaPods installation.\" >&2\n    exit 1\nfi\n# This output is used by Xcode 'outputs' to avoid re-running this script phase.\necho \"SUCCESS\" > \"${SCRIPT_OUTPUT_FILE_0}\"\n";
			showEnvVarsInLog = 0;
		};
		F9F68DB4DB8BC33A7886AAFF /* [CP] Check Pods Manifest.lock */ = {
			isa = PBXShellScriptBuildPhase;
			buildActionMask = 2147483647;
			files = (
			);
			inputFileListPaths = (
			);
			inputPaths = (
				"${PODS_PODFILE_DIR_PATH}/Podfile.lock",
				"${PODS_ROOT}/Manifest.lock",
			);
			name = "[CP] Check Pods Manifest.lock";
			outputFileListPaths = (
			);
			outputPaths = (
				"$(DERIVED_FILE_DIR)/Pods-BadgerBytesTests-checkManifestLockResult.txt",
			);
			runOnlyForDeploymentPostprocessing = 0;
			shellPath = /bin/sh;
			shellScript = "diff \"${PODS_PODFILE_DIR_PATH}/Podfile.lock\" \"${PODS_ROOT}/Manifest.lock\" > /dev/null\nif [ $? != 0 ] ; then\n    # print error to STDERR\n    echo \"error: The sandbox is not in sync with the Podfile.lock. Run 'pod install' or update your CocoaPods installation.\" >&2\n    exit 1\nfi\n# This output is used by Xcode 'outputs' to avoid re-running this script phase.\necho \"SUCCESS\" > \"${SCRIPT_OUTPUT_FILE_0}\"\n";
			showEnvVarsInLog = 0;
		};
/* End PBXShellScriptBuildPhase section */

/* Begin PBXSourcesBuildPhase section */
		43291D2D25DE358000BD2764 /* Sources */ = {
			isa = PBXSourcesBuildPhase;
			buildActionMask = 2147483647;
			files = (
				FAF5916C25E58E1000A260D1 /* ModifyAccount.swift in Sources */,
				43291DE725DE476100BD2764 /* LoginVC.swift in Sources */,
				43291DCE25DE473800BD2764 /* ParentClasses.swift in Sources */,
				AD30CA3525E3054500E2BAE9 /* AccountTypeVC.swift in Sources */,
				43291DD825DE474900BD2764 /* OrdersVC.swift in Sources */,
				43291D3F25DE358000BD2764 /* BadgerBytes.xcdatamodeld in Sources */,
				43291DEC25DE476800BD2764 /* SignUpVC.swift in Sources */,
				3B4F45F325E58F1F005E99DC /* CustomTableViewCell.swift in Sources */,
				4342AF2525E3B66400E8A5BB /* Order.swift in Sources */,
				43291DC925DE472F00BD2764 /* Colors.swift in Sources */,
				43291DD325DE474000BD2764 /* MenuVC.swift in Sources */,
				43291D3525DE358000BD2764 /* AppDelegate.swift in Sources */,
				43E959B025E5B59E00A89563 /* MenuCategoryView.swift in Sources */,
				43E959AB25E5B24100A89563 /* MenuWelcomeView.swift in Sources */,
				43291DF125DE477400BD2764 /* TabBarVC.swift in Sources */,
				4342AF1925E3B13200E8A5BB /* OrdersCells.swift in Sources */,
				43291DE225DE475900BD2764 /* AccountVC.swift in Sources */,
				3B4F45EE25E58EB4005E99DC /* MenuItemsVC.swift in Sources */,
				43291D3725DE358000BD2764 /* SceneDelegate.swift in Sources */,
				4342AF2A25E3B67300E8A5BB /* User.swift in Sources */,
				43291DDD25DE475200BD2764 /* ManageVC.swift in Sources */,
				43291DC425DE472A00BD2764 /* Extensions.swift in Sources */,
				43291DF625DE489800BD2764 /* AuthInputView.swift in Sources */,
			);
			runOnlyForDeploymentPostprocessing = 0;
		};
		43291D4625DE358200BD2764 /* Sources */ = {
			isa = PBXSourcesBuildPhase;
			buildActionMask = 2147483647;
			files = (
				43291D4F25DE358200BD2764 /* BadgerBytesTests.swift in Sources */,
			);
			runOnlyForDeploymentPostprocessing = 0;
		};
		43291D5125DE358200BD2764 /* Sources */ = {
			isa = PBXSourcesBuildPhase;
			buildActionMask = 2147483647;
			files = (
				43291D5A25DE358200BD2764 /* BadgerBytesUITests.swift in Sources */,
			);
			runOnlyForDeploymentPostprocessing = 0;
		};
/* End PBXSourcesBuildPhase section */

/* Begin PBXTargetDependency section */
		43291D4C25DE358200BD2764 /* PBXTargetDependency */ = {
			isa = PBXTargetDependency;
			target = 43291D3025DE358000BD2764 /* BadgerBytes */;
			targetProxy = 43291D4B25DE358200BD2764 /* PBXContainerItemProxy */;
		};
		43291D5725DE358200BD2764 /* PBXTargetDependency */ = {
			isa = PBXTargetDependency;
			target = 43291D3025DE358000BD2764 /* BadgerBytes */;
			targetProxy = 43291D5625DE358200BD2764 /* PBXContainerItemProxy */;
		};
/* End PBXTargetDependency section */

/* Begin PBXVariantGroup section */
		43291D4225DE358200BD2764 /* LaunchScreen.storyboard */ = {
			isa = PBXVariantGroup;
			children = (
				43291D4325DE358200BD2764 /* Base */,
			);
			name = LaunchScreen.storyboard;
			sourceTree = "<group>";
		};
/* End PBXVariantGroup section */

/* Begin XCBuildConfiguration section */
		43291D5C25DE358200BD2764 /* Debug */ = {
			isa = XCBuildConfiguration;
			buildSettings = {
				ALWAYS_SEARCH_USER_PATHS = NO;
				CLANG_ANALYZER_NONNULL = YES;
				CLANG_ANALYZER_NUMBER_OBJECT_CONVERSION = YES_AGGRESSIVE;
				CLANG_CXX_LANGUAGE_STANDARD = "gnu++14";
				CLANG_CXX_LIBRARY = "libc++";
				CLANG_ENABLE_MODULES = YES;
				CLANG_ENABLE_OBJC_ARC = YES;
				CLANG_ENABLE_OBJC_WEAK = YES;
				CLANG_WARN_BLOCK_CAPTURE_AUTORELEASING = YES;
				CLANG_WARN_BOOL_CONVERSION = YES;
				CLANG_WARN_COMMA = YES;
				CLANG_WARN_CONSTANT_CONVERSION = YES;
				CLANG_WARN_DEPRECATED_OBJC_IMPLEMENTATIONS = YES;
				CLANG_WARN_DIRECT_OBJC_ISA_USAGE = YES_ERROR;
				CLANG_WARN_DOCUMENTATION_COMMENTS = YES;
				CLANG_WARN_EMPTY_BODY = YES;
				CLANG_WARN_ENUM_CONVERSION = YES;
				CLANG_WARN_INFINITE_RECURSION = YES;
				CLANG_WARN_INT_CONVERSION = YES;
				CLANG_WARN_NON_LITERAL_NULL_CONVERSION = YES;
				CLANG_WARN_OBJC_IMPLICIT_RETAIN_SELF = YES;
				CLANG_WARN_OBJC_LITERAL_CONVERSION = YES;
				CLANG_WARN_OBJC_ROOT_CLASS = YES_ERROR;
				CLANG_WARN_QUOTED_INCLUDE_IN_FRAMEWORK_HEADER = YES;
				CLANG_WARN_RANGE_LOOP_ANALYSIS = YES;
				CLANG_WARN_STRICT_PROTOTYPES = YES;
				CLANG_WARN_SUSPICIOUS_MOVE = YES;
				CLANG_WARN_UNGUARDED_AVAILABILITY = YES_AGGRESSIVE;
				CLANG_WARN_UNREACHABLE_CODE = YES;
				CLANG_WARN__DUPLICATE_METHOD_MATCH = YES;
				COPY_PHASE_STRIP = NO;
				DEBUG_INFORMATION_FORMAT = dwarf;
				ENABLE_STRICT_OBJC_MSGSEND = YES;
				ENABLE_TESTABILITY = YES;
				GCC_C_LANGUAGE_STANDARD = gnu11;
				GCC_DYNAMIC_NO_PIC = NO;
				GCC_NO_COMMON_BLOCKS = YES;
				GCC_OPTIMIZATION_LEVEL = 0;
				GCC_PREPROCESSOR_DEFINITIONS = (
					"DEBUG=1",
					"$(inherited)",
				);
				GCC_WARN_64_TO_32_BIT_CONVERSION = YES;
				GCC_WARN_ABOUT_RETURN_TYPE = YES_ERROR;
				GCC_WARN_UNDECLARED_SELECTOR = YES;
				GCC_WARN_UNINITIALIZED_AUTOS = YES_AGGRESSIVE;
				GCC_WARN_UNUSED_FUNCTION = YES;
				GCC_WARN_UNUSED_VARIABLE = YES;
				IPHONEOS_DEPLOYMENT_TARGET = 14.4;
				MTL_ENABLE_DEBUG_INFO = INCLUDE_SOURCE;
				MTL_FAST_MATH = YES;
				ONLY_ACTIVE_ARCH = YES;
				SDKROOT = iphoneos;
				SWIFT_ACTIVE_COMPILATION_CONDITIONS = DEBUG;
				SWIFT_OPTIMIZATION_LEVEL = "-Onone";
			};
			name = Debug;
		};
		43291D5D25DE358200BD2764 /* Release */ = {
			isa = XCBuildConfiguration;
			buildSettings = {
				ALWAYS_SEARCH_USER_PATHS = NO;
				CLANG_ANALYZER_NONNULL = YES;
				CLANG_ANALYZER_NUMBER_OBJECT_CONVERSION = YES_AGGRESSIVE;
				CLANG_CXX_LANGUAGE_STANDARD = "gnu++14";
				CLANG_CXX_LIBRARY = "libc++";
				CLANG_ENABLE_MODULES = YES;
				CLANG_ENABLE_OBJC_ARC = YES;
				CLANG_ENABLE_OBJC_WEAK = YES;
				CLANG_WARN_BLOCK_CAPTURE_AUTORELEASING = YES;
				CLANG_WARN_BOOL_CONVERSION = YES;
				CLANG_WARN_COMMA = YES;
				CLANG_WARN_CONSTANT_CONVERSION = YES;
				CLANG_WARN_DEPRECATED_OBJC_IMPLEMENTATIONS = YES;
				CLANG_WARN_DIRECT_OBJC_ISA_USAGE = YES_ERROR;
				CLANG_WARN_DOCUMENTATION_COMMENTS = YES;
				CLANG_WARN_EMPTY_BODY = YES;
				CLANG_WARN_ENUM_CONVERSION = YES;
				CLANG_WARN_INFINITE_RECURSION = YES;
				CLANG_WARN_INT_CONVERSION = YES;
				CLANG_WARN_NON_LITERAL_NULL_CONVERSION = YES;
				CLANG_WARN_OBJC_IMPLICIT_RETAIN_SELF = YES;
				CLANG_WARN_OBJC_LITERAL_CONVERSION = YES;
				CLANG_WARN_OBJC_ROOT_CLASS = YES_ERROR;
				CLANG_WARN_QUOTED_INCLUDE_IN_FRAMEWORK_HEADER = YES;
				CLANG_WARN_RANGE_LOOP_ANALYSIS = YES;
				CLANG_WARN_STRICT_PROTOTYPES = YES;
				CLANG_WARN_SUSPICIOUS_MOVE = YES;
				CLANG_WARN_UNGUARDED_AVAILABILITY = YES_AGGRESSIVE;
				CLANG_WARN_UNREACHABLE_CODE = YES;
				CLANG_WARN__DUPLICATE_METHOD_MATCH = YES;
				COPY_PHASE_STRIP = NO;
				DEBUG_INFORMATION_FORMAT = "dwarf-with-dsym";
				ENABLE_NS_ASSERTIONS = NO;
				ENABLE_STRICT_OBJC_MSGSEND = YES;
				GCC_C_LANGUAGE_STANDARD = gnu11;
				GCC_NO_COMMON_BLOCKS = YES;
				GCC_WARN_64_TO_32_BIT_CONVERSION = YES;
				GCC_WARN_ABOUT_RETURN_TYPE = YES_ERROR;
				GCC_WARN_UNDECLARED_SELECTOR = YES;
				GCC_WARN_UNINITIALIZED_AUTOS = YES_AGGRESSIVE;
				GCC_WARN_UNUSED_FUNCTION = YES;
				GCC_WARN_UNUSED_VARIABLE = YES;
				IPHONEOS_DEPLOYMENT_TARGET = 14.4;
				MTL_ENABLE_DEBUG_INFO = NO;
				MTL_FAST_MATH = YES;
				SDKROOT = iphoneos;
				SWIFT_COMPILATION_MODE = wholemodule;
				SWIFT_OPTIMIZATION_LEVEL = "-O";
				VALIDATE_PRODUCT = YES;
			};
			name = Release;
		};
		43291D5F25DE358200BD2764 /* Debug */ = {
			isa = XCBuildConfiguration;
			baseConfigurationReference = AAD36B7A5E5D4245A8A3214F /* Pods-BadgerBytes.debug.xcconfig */;
			buildSettings = {
				ASSETCATALOG_COMPILER_APPICON_NAME = AppIcon;
				ASSETCATALOG_COMPILER_GLOBAL_ACCENT_COLOR_NAME = AccentColor;
				CODE_SIGN_STYLE = Automatic;
				DEVELOPMENT_TEAM = 5AD8929672;
				INFOPLIST_FILE = BadgerBytes/Info.plist;
				LD_RUNPATH_SEARCH_PATHS = (
					"$(inherited)",
					"@executable_path/Frameworks",
				);
				PRODUCT_BUNDLE_IDENTIFIER = cs506.uw.madison.BadgerBytes;
				PRODUCT_NAME = "$(TARGET_NAME)";
				SWIFT_VERSION = 5.0;
				TARGETED_DEVICE_FAMILY = 1;
			};
			name = Debug;
		};
		43291D6025DE358200BD2764 /* Release */ = {
			isa = XCBuildConfiguration;
			baseConfigurationReference = 5DE8F70C3D6EF67F01DC6C2E /* Pods-BadgerBytes.release.xcconfig */;
			buildSettings = {
				ASSETCATALOG_COMPILER_APPICON_NAME = AppIcon;
				ASSETCATALOG_COMPILER_GLOBAL_ACCENT_COLOR_NAME = AccentColor;
				CODE_SIGN_STYLE = Automatic;
				DEVELOPMENT_TEAM = 5AD8929672;
				INFOPLIST_FILE = BadgerBytes/Info.plist;
				LD_RUNPATH_SEARCH_PATHS = (
					"$(inherited)",
					"@executable_path/Frameworks",
				);
				PRODUCT_BUNDLE_IDENTIFIER = cs506.uw.madison.BadgerBytes;
				PRODUCT_NAME = "$(TARGET_NAME)";
				SWIFT_VERSION = 5.0;
				TARGETED_DEVICE_FAMILY = 1;
			};
			name = Release;
		};
		43291D6225DE358200BD2764 /* Debug */ = {
			isa = XCBuildConfiguration;
			baseConfigurationReference = 348D06A2F0B3F23DFCF350E2 /* Pods-BadgerBytesTests.debug.xcconfig */;
			buildSettings = {
				ALWAYS_EMBED_SWIFT_STANDARD_LIBRARIES = YES;
				BUNDLE_LOADER = "$(TEST_HOST)";
				CODE_SIGN_STYLE = Automatic;
				DEVELOPMENT_TEAM = 5AD8929672;
				INFOPLIST_FILE = BadgerBytesTests/Info.plist;
				IPHONEOS_DEPLOYMENT_TARGET = 14.4;
				LD_RUNPATH_SEARCH_PATHS = (
					"$(inherited)",
					"@executable_path/Frameworks",
					"@loader_path/Frameworks",
				);
				PRODUCT_BUNDLE_IDENTIFIER = cs506.uw.madison.BadgerBytesTests;
				PRODUCT_NAME = "$(TARGET_NAME)";
				SWIFT_VERSION = 5.0;
				TARGETED_DEVICE_FAMILY = "1,2";
				TEST_HOST = "$(BUILT_PRODUCTS_DIR)/BadgerBytes.app/BadgerBytes";
			};
			name = Debug;
		};
		43291D6325DE358200BD2764 /* Release */ = {
			isa = XCBuildConfiguration;
			baseConfigurationReference = FBCAEEAB9754C3CBCE4347D4 /* Pods-BadgerBytesTests.release.xcconfig */;
			buildSettings = {
				ALWAYS_EMBED_SWIFT_STANDARD_LIBRARIES = YES;
				BUNDLE_LOADER = "$(TEST_HOST)";
				CODE_SIGN_STYLE = Automatic;
				DEVELOPMENT_TEAM = 5AD8929672;
				INFOPLIST_FILE = BadgerBytesTests/Info.plist;
				IPHONEOS_DEPLOYMENT_TARGET = 14.4;
				LD_RUNPATH_SEARCH_PATHS = (
					"$(inherited)",
					"@executable_path/Frameworks",
					"@loader_path/Frameworks",
				);
				PRODUCT_BUNDLE_IDENTIFIER = cs506.uw.madison.BadgerBytesTests;
				PRODUCT_NAME = "$(TARGET_NAME)";
				SWIFT_VERSION = 5.0;
				TARGETED_DEVICE_FAMILY = "1,2";
				TEST_HOST = "$(BUILT_PRODUCTS_DIR)/BadgerBytes.app/BadgerBytes";
			};
			name = Release;
		};
		43291D6525DE358200BD2764 /* Debug */ = {
			isa = XCBuildConfiguration;
			baseConfigurationReference = CC14D05326627A7649767C68 /* Pods-BadgerBytes-BadgerBytesUITests.debug.xcconfig */;
			buildSettings = {
				ALWAYS_EMBED_SWIFT_STANDARD_LIBRARIES = YES;
				CODE_SIGN_STYLE = Automatic;
				DEVELOPMENT_TEAM = 5AD8929672;
				INFOPLIST_FILE = BadgerBytesUITests/Info.plist;
				LD_RUNPATH_SEARCH_PATHS = (
					"$(inherited)",
					"@executable_path/Frameworks",
					"@loader_path/Frameworks",
				);
				PRODUCT_BUNDLE_IDENTIFIER = cs506.uw.madison.BadgerBytesUITests;
				PRODUCT_NAME = "$(TARGET_NAME)";
				SWIFT_VERSION = 5.0;
				TARGETED_DEVICE_FAMILY = "1,2";
				TEST_TARGET_NAME = BadgerBytes;
			};
			name = Debug;
		};
		43291D6625DE358200BD2764 /* Release */ = {
			isa = XCBuildConfiguration;
			baseConfigurationReference = 44696487485174DC42046148 /* Pods-BadgerBytes-BadgerBytesUITests.release.xcconfig */;
			buildSettings = {
				ALWAYS_EMBED_SWIFT_STANDARD_LIBRARIES = YES;
				CODE_SIGN_STYLE = Automatic;
				DEVELOPMENT_TEAM = 5AD8929672;
				INFOPLIST_FILE = BadgerBytesUITests/Info.plist;
				LD_RUNPATH_SEARCH_PATHS = (
					"$(inherited)",
					"@executable_path/Frameworks",
					"@loader_path/Frameworks",
				);
				PRODUCT_BUNDLE_IDENTIFIER = cs506.uw.madison.BadgerBytesUITests;
				PRODUCT_NAME = "$(TARGET_NAME)";
				SWIFT_VERSION = 5.0;
				TARGETED_DEVICE_FAMILY = "1,2";
				TEST_TARGET_NAME = BadgerBytes;
			};
			name = Release;
		};
/* End XCBuildConfiguration section */

/* Begin XCConfigurationList section */
		43291D2C25DE358000BD2764 /* Build configuration list for PBXProject "BadgerBytes" */ = {
			isa = XCConfigurationList;
			buildConfigurations = (
				43291D5C25DE358200BD2764 /* Debug */,
				43291D5D25DE358200BD2764 /* Release */,
			);
			defaultConfigurationIsVisible = 0;
			defaultConfigurationName = Release;
		};
		43291D5E25DE358200BD2764 /* Build configuration list for PBXNativeTarget "BadgerBytes" */ = {
			isa = XCConfigurationList;
			buildConfigurations = (
				43291D5F25DE358200BD2764 /* Debug */,
				43291D6025DE358200BD2764 /* Release */,
			);
			defaultConfigurationIsVisible = 0;
			defaultConfigurationName = Release;
		};
		43291D6125DE358200BD2764 /* Build configuration list for PBXNativeTarget "BadgerBytesTests" */ = {
			isa = XCConfigurationList;
			buildConfigurations = (
				43291D6225DE358200BD2764 /* Debug */,
				43291D6325DE358200BD2764 /* Release */,
			);
			defaultConfigurationIsVisible = 0;
			defaultConfigurationName = Release;
		};
		43291D6425DE358200BD2764 /* Build configuration list for PBXNativeTarget "BadgerBytesUITests" */ = {
			isa = XCConfigurationList;
			buildConfigurations = (
				43291D6525DE358200BD2764 /* Debug */,
				43291D6625DE358200BD2764 /* Release */,
			);
			defaultConfigurationIsVisible = 0;
			defaultConfigurationName = Release;
		};
/* End XCConfigurationList section */

/* Begin XCVersionGroup section */
		43291D3D25DE358000BD2764 /* BadgerBytes.xcdatamodeld */ = {
			isa = XCVersionGroup;
			children = (
				43291D3E25DE358000BD2764 /* BadgerBytes.xcdatamodel */,
			);
			currentVersion = 43291D3E25DE358000BD2764 /* BadgerBytes.xcdatamodel */;
			path = BadgerBytes.xcdatamodeld;
			sourceTree = "<group>";
			versionGroupType = wrapper.xcdatamodel;
		};
/* End XCVersionGroup section */
	};
	rootObject = 43291D2925DE358000BD2764 /* Project object */;
}
